{
  "name": "rxjs-workshop-starter",
  "version": "1.0.0",
  "lockfileVersion": 1,
  "requires": true,
  "dependencies": {
    "rxjs": {
      "version": "6.4.0",
      "resolved": "http://artifactory.twinformatics.at:80/api/npm/npm/rxjs/-/rxjs-6.4.0.tgz",
      "integrity": "sha1-87sP572n+2nerAwW8XtQsLh5BQQ=",
      "requires": {
        "tslib": "^1.9.0"
      }
    },
    "tslib": {
      "version": "1.9.3",
      "resolved": "http://artifactory.twinformatics.at:80/api/npm/npm/tslib/-/tslib-1.9.3.tgz",
      "integrity": "sha1-1+TdeSRdhUKMTX5IIqeZF5VMooY="
    },
    "typescript": {
      "version": "3.4.1",
      "resolved": "http://artifactory.twinformatics.at:80/api/npm/npm/typescript/-/typescript-3.4.1.tgz",
      "integrity": "sha1-tmkb4RqIH/qaBXZaIFy3OD87Y8Y=",
      "dev": true
    }
  }
}
